
Microsoft Visual Studio Solution File, Format Version 12.00
# Visual Studio 15
VisualStudioVersion = 15.0.27130.2027
MinimumVisualStudioVersion = 10.0.40219.1
Project("{FAE04EC0-301F-11D3-BF4B-00C04F79EFBC}") = "BookList", "BookList\BookList.csproj", "{CF223346-D2E2-40A0-864A-A68D52AF66EB}"
EndProject
Global
	GlobalSection(SolutionConfigurationPlatforms) = preSolution
		Debug|Any CPU = Debug|Any CPU
		Release|Any CPU = Release|Any CPU
	EndGlobalSection
	GlobalSection(ProjectConfigurationPlatforms) = postSolution
		{CF223346-D2E2-40A0-864A-A68D52AF66EB}.Debug|Any CPU.ActiveCfg = Debug|Any CPU
		{CF223346-D2E2-40A0-864A-A68D52AF66EB}.Debug|Any CPU.Build.0 = Debug|Any CPU
		{CF223346-D2E2-40A0-864A-A68D52AF66EB}.Release|Any CPU.ActiveCfg = Release|Any CPU
		{CF223346-D2E2-40A0-864A-A68D52AF66EB}.Release|Any CPU.Build.0 = Release|Any CPU
	EndGlobalSection
	GlobalSection(SolutionProperties) = preSolution
		HideSolutionNode = FALSE
	EndGlobalSection
	GlobalSection(ExtensibilityGlobals) = postSolution
		SolutionGuid = {8243E1DD-AAED-48CD-94F3-D3C59E9E6310}
	EndGlobalSection
EndGlobal
